
Microsoft Visual Studio Solution File, Format Version 12.00
# Visual Studio Version 17
VisualStudioVersion = 17.0.32014.148
MinimumVisualStudioVersion = 10.0.40219.1
Project("{9A19103F-16F7-4668-BE54-9A1E7A4F7556}") = "Bloxstrap", "Bloxstrap\Bloxstrap.csproj", "{646D1D58-C9CA-48C9-BBCD-30585A1DAAF1}"
EndProject
Project("{9A19103F-16F7-4668-BE54-9A1E7A4F7556}") = "DiscordRPC", "DiscordRPC\DiscordRPC\DiscordRPC.csproj", "{BDB66971-35FA-45BD-ABD6-70B814D2E55C}"
EndProject
Global
	GlobalSection(SolutionConfigurationPlatforms) = preSolution
		Debug|Any CPU = Debug|Any CPU
		Release|Any CPU = Release|Any CPU
	EndGlobalSection
	GlobalSection(ProjectConfigurationPlatforms) = postSolution
		{646D1D58-C9CA-48C9-BBCD-30585A1DAAF1}.Debug|Any CPU.ActiveCfg = Debug|Any CPU
		{646D1D58-C9CA-48C9-BBCD-30585A1DAAF1}.Debug|Any CPU.Build.0 = Debug|Any CPU
		{646D1D58-C9CA-48C9-BBCD-30585A1DAAF1}.Release|Any CPU.ActiveCfg = Release|Any CPU
		{646D1D58-C9CA-48C9-BBCD-30585A1DAAF1}.Release|Any CPU.Build.0 = Release|Any CPU
		{BDB66971-35FA-45BD-ABD6-70B814D2E55C}.Debug|Any CPU.ActiveCfg = Debug|Any CPU
		{BDB66971-35FA-45BD-ABD6-70B814D2E55C}.Debug|Any CPU.Build.0 = Debug|Any CPU
		{BDB66971-35FA-45BD-ABD6-70B814D2E55C}.Release|Any CPU.ActiveCfg = Release|Any CPU
		{BDB66971-35FA-45BD-ABD6-70B814D2E55C}.Release|Any CPU.Build.0 = Release|Any CPU
	EndGlobalSection
	GlobalSection(SolutionProperties) = preSolution
		HideSolutionNode = FALSE
	EndGlobalSection
	GlobalSection(ExtensibilityGlobals) = postSolution
		SolutionGuid = {F989AC04-B48F-4BB4-B940-1E7D082F14DA}
	EndGlobalSection
EndGlobal
